{
    "_readme": [
        "This file locks the dependencies of your project to a known state",
        "Read more about it at https://getcomposer.org/doc/01-basic-usage.md#composer-lock-the-lock-file",
        "This file is @generated automatically"
    ],
    "hash": "1bf104b09657767d1f36edda61de3f6f",
    "content-hash": "07877e9601f9044044dafe6fbb5a6b06",
    "packages": [
        {
            "name": "bower-asset/bootstrap",
            "version": "v3.3.5",
            "source": {
                "type": "git",
                "url": "https://github.com/twbs/bootstrap.git",
                "reference": "16b48259a62f576e52c903c476bd42b90ab22482"
            },
            "dist": {
                "type": "zip",
                "url": "https://api.github.com/repos/twbs/bootstrap/zipball/16b48259a62f576e52c903c476bd42b90ab22482",
                "reference": "16b48259a62f576e52c903c476bd42b90ab22482",
                "shasum": ""
            },
            "require": {
                "bower-asset/jquery": ">=1.9.1"
            },
            "type": "bower-asset-library",
            "extra": {
                "bower-asset-main": [
                    "less/bootstrap.less",
                    "dist/js/bootstrap.js"
                ],
                "bower-asset-ignore": [
                    "/.*",
                    "_config.yml",
                    "CNAME",
                    "composer.json",
                    "CONTRIBUTING.md",
                    "docs",
                    "js/tests",
                    "test-infra"
                ]
            },
            "license": [
                "MIT"
            ],
            "description": "The most popular front-end framework for developing responsive, mobile first projects on the web.",
            "keywords": [
                "css",
                "framework",
                "front-end",
                "js",
                "less",
                "mobile-first",
                "responsive",
                "web"
            ]
        },
        {
            "name": "bower-asset/jquery",
            "version": "2.2.0",
            "source": {
                "type": "git",
                "url": "https://github.com/jquery/jquery-dist.git",
                "reference": "6fc01e29bdad0964f62ef56d01297039cdcadbe5"
            },
            "dist": {
                "type": "zip",
                "url": "https://api.github.com/repos/jquery/jquery-dist/zipball/6fc01e29bdad0964f62ef56d01297039cdcadbe5",
                "reference": "6fc01e29bdad0964f62ef56d01297039cdcadbe5",
                "shasum": ""
            },
            "type": "bower-asset-library",
            "extra": {
                "bower-asset-main": "dist/jquery.js",
                "bower-asset-ignore": [
                    "package.json"
                ]
            },
            "license": [
                "MIT"
            ],
            "keywords": [
                "browser",
                "javascript",
                "jquery",
                "library"
            ]
        },
        {
            "name": "bower-asset/jquery.inputmask",
            "version": "3.2.7",
            "source": {
                "type": "git",
                "url": "https://github.com/RobinHerbots/jquery.inputmask.git",
                "reference": "5a72c563b502b8e05958a524cdfffafe9987be38"
            },
            "dist": {
                "type": "zip",
                "url": "https://api.github.com/repos/RobinHerbots/jquery.inputmask/zipball/5a72c563b502b8e05958a524cdfffafe9987be38",
                "reference": "5a72c563b502b8e05958a524cdfffafe9987be38",
                "shasum": ""
            },
            "require": {
                "bower-asset/jquery": ">=1.7"
            },
            "type": "bower-asset-library",
            "extra": {
                "bower-asset-main": [
                    "./dist/inputmask/inputmask.js"
                ],
                "bower-asset-ignore": [
                    "**/*",
                    "!dist/*",
                    "!dist/inputmask/*",
                    "!dist/min/*",
                    "!dist/min/inputmask/*",
                    "!extra/bindings/*",
                    "!extra/dependencyLibs/*",
                    "!extra/phone-codes/*"
                ]
            },
            "license": [
                "http://opensource.org/licenses/mit-license.php"
            ],
            "description": "jquery.inputmask is a jquery plugin which create an input mask.",
            "keywords": [
                "form",
                "input",
                "inputmask",
                "jquery",
                "mask",
                "plugins"
            ]
        },
        {
            "name": "bower-asset/punycode",
            "version": "v1.3.2",
            "source": {
                "type": "git",
                "url": "https://github.com/bestiejs/punycode.js.git",
                "reference": "38c8d3131a82567bfef18da09f7f4db68c84f8a3"
            },
            "dist": {
                "type": "zip",
                "url": "https://api.github.com/repos/bestiejs/punycode.js/zipball/38c8d3131a82567bfef18da09f7f4db68c84f8a3",
                "reference": "38c8d3131a82567bfef18da09f7f4db68c84f8a3",
                "shasum": ""
            },
            "type": "bower-asset-library",
            "extra": {
                "bower-asset-main": "punycode.js",
                "bower-asset-ignore": [
                    "coverage",
                    "tests",
                    ".*",
                    "component.json",
                    "Gruntfile.js",
                    "node_modules",
                    "package.json"
                ]
            }
        },
        {
            "name": "bower-asset/yii2-pjax",
            "version": "v2.0.5",
            "source": {
                "type": "git",
                "url": "https://github.com/yiisoft/jquery-pjax.git",
                "reference": "6818718408086db6bdcf33649cecb86b6b4f9b67"
            },
            "dist": {
                "type": "zip",
                "url": "https://api.github.com/repos/yiisoft/jquery-pjax/zipball/6818718408086db6bdcf33649cecb86b6b4f9b67",
                "reference": "6818718408086db6bdcf33649cecb86b6b4f9b67",
                "shasum": ""
            },
            "require": {
                "bower-asset/jquery": ">=1.8"
            },
            "type": "bower-asset-library",
            "extra": {
                "bower-asset-main": "./jquery.pjax.js",
                "bower-asset-ignore": [
                    ".travis.yml",
                    "Gemfile",
                    "Gemfile.lock",
                    "vendor/",
                    "script/",
                    "test/"
                ]
            },
            "license": [
                "MIT"
            ]
        },
        {
            "name": "cebe/markdown",
            "version": "dev-master",
            "source": {
                "type": "git",
                "url": "https://github.com/cebe/markdown.git",
                "reference": "e4499350d8a94c4c693a7e784295eff7a717ae67"
            },
            "dist": {
                "type": "zip",
                "url": "https://api.github.com/repos/cebe/markdown/zipball/e4499350d8a94c4c693a7e784295eff7a717ae67",
                "reference": "e4499350d8a94c4c693a7e784295eff7a717ae67",
                "shasum": ""
            },
            "require": {
                "lib-pcre": "*",
                "php": ">=5.4.0"
            },
            "require-dev": {
                "cebe/indent": "*",
                "facebook/xhprof": "*@dev",
                "phpunit/phpunit": "4.1.*"
            },
            "bin": [
                "bin/markdown"
            ],
            "type": "library",
            "extra": {
                "branch-alias": {
                    "dev-master": "1.1.x-dev"
                }
            },
            "autoload": {
                "psr-4": {
                    "cebe\\markdown\\": ""
                }
            },
            "notification-url": "https://packagist.org/downloads/",
            "license": [
                "MIT"
            ],
            "authors": [
                {
                    "name": "Carsten Brandt",
                    "email": "mail@cebe.cc",
                    "homepage": "http://cebe.cc/",
                    "role": "Creator"
                }
            ],
            "description": "A super fast, highly extensible markdown parser for PHP",
            "homepage": "https://github.com/cebe/markdown#readme",
            "keywords": [
                "extensible",
                "fast",
                "gfm",
                "markdown",
                "markdown-extra"
            ],
            "time": "2016-02-09 22:09:46"
        },
        {
            "name": "ezyang/htmlpurifier",
            "version": "v4.6.0",
            "source": {
                "type": "git",
                "url": "https://github.com/ezyang/htmlpurifier.git",
                "reference": "6f389f0f25b90d0b495308efcfa073981177f0fd"
            },
            "dist": {
                "type": "zip",
                "url": "https://api.github.com/repos/ezyang/htmlpurifier/zipball/6f389f0f25b90d0b495308efcfa073981177f0fd",
                "reference": "6f389f0f25b90d0b495308efcfa073981177f0fd",
                "shasum": ""
            },
            "require": {
                "php": ">=5.2"
            },
            "type": "library",
            "autoload": {
                "psr-0": {
                    "HTMLPurifier": "library/"
                },
                "files": [
                    "library/HTMLPurifier.composer.php"
                ]
            },
            "notification-url": "https://packagist.org/downloads/",
            "license": [
                "LGPL"
            ],
            "authors": [
                {
                    "name": "Edward Z. Yang",
                    "email": "admin@htmlpurifier.org",
                    "homepage": "http://ezyang.com"
                }
            ],
            "description": "Standards compliant HTML filter written in PHP",
            "homepage": "http://htmlpurifier.org/",
            "keywords": [
                "html"
            ],
            "time": "2013-11-30 08:25:19"
        },
        {
            "name": "kartik-v/bootstrap-popover-x",
            "version": "v1.4.1",
            "source": {
                "type": "git",
                "url": "https://github.com/kartik-v/bootstrap-popover-x.git",
                "reference": "ce1d165af25f6e6caaf97083e20b5a3ad7c7b7c6"
            },
            "dist": {
                "type": "zip",
                "url": "https://api.github.com/repos/kartik-v/bootstrap-popover-x/zipball/ce1d165af25f6e6caaf97083e20b5a3ad7c7b7c6",
                "reference": "ce1d165af25f6e6caaf97083e20b5a3ad7c7b7c6",
                "shasum": ""
            },
            "type": "library",
            "autoload": {
                "psr-4": {
                    "kartik\\plugins\\popover\\": ""
                }
            },
            "notification-url": "https://packagist.org/downloads/",
            "license": [
                "BSD 3-Clause"
            ],
            "authors": [
                {
                    "name": "Kartik Visweswaran",
                    "email": "kartikv2@gmail.com",
                    "homepage": "http://www.krajee.com/"
                }
            ],
            "description": "Bootstrap Popover Extended - Popover with modal behavior, styling enhancements and more.",
            "homepage": "https://github.com/kartik-v/bootstrap-popover-x",
            "keywords": [
                "bootstrap",
                "extended",
                "jquery",
                "modal",
                "modal-popover",
                "popover",
                "popover-x"
            ],
            "time": "2015-03-18 13:08:39"
        },
        {
            "name": "kartik-v/yii2-editable",
            "version": "dev-master",
            "source": {
                "type": "git",
                "url": "https://github.com/kartik-v/yii2-editable.git",
                "reference": "d80e2b4617a9832ab383cbb741d51157873ac113"
            },
            "dist": {
                "type": "zip",
                "url": "https://api.github.com/repos/kartik-v/yii2-editable/zipball/d80e2b4617a9832ab383cbb741d51157873ac113",
                "reference": "d80e2b4617a9832ab383cbb741d51157873ac113",
                "shasum": ""
            },
            "require": {
                "kartik-v/yii2-krajee-base": "~1.7",
                "kartik-v/yii2-popover-x": "~1.3"
            },
            "type": "yii2-extension",
            "autoload": {
                "psr-4": {
                    "kartik\\editable\\": ""
                }
            },
            "notification-url": "https://packagist.org/downloads/",
            "license": [
                "BSD-3-Clause"
            ],
            "authors": [
                {
                    "name": "Kartik Visweswaran",
                    "email": "kartikv2@gmail.com",
                    "homepage": "http://www.krajee.com/"
                }
            ],
            "description": "An enhanced editable widget for Yii 2.0 that allows easy editing of displayed data with numerous configuration possibilities.",
            "homepage": "https://github.com/kartik-v/yii2-editable",
            "keywords": [
                "bootstrap",
                "editable",
                "input",
                "jquery",
                "popover",
                "popover-x",
                "widget"
            ],
            "time": "2016-02-02 01:32:10"
        },
        {
            "name": "kartik-v/yii2-grid",
            "version": "dev-master",
            "source": {
                "type": "git",
                "url": "https://github.com/kartik-v/yii2-grid.git",
                "reference": "ea7bd283f086b06bec2f5705f642855cfca9088e"
            },
            "dist": {
                "type": "zip",
                "url": "https://api.github.com/repos/kartik-v/yii2-grid/zipball/ea7bd283f086b06bec2f5705f642855cfca9088e",
                "reference": "ea7bd283f086b06bec2f5705f642855cfca9088e",
                "shasum": ""
            },
            "require": {
                "kartik-v/yii2-krajee-base": "~1.7"
            },
            "type": "yii2-extension",
            "extra": {
                "branch-alias": {
                    "dev-master": "3.1.x-dev"
                }
            },
            "autoload": {
                "psr-4": {
                    "kartik\\grid\\": ""
                }
            },
            "notification-url": "https://packagist.org/downloads/",
            "license": [
                "BSD-3-Clause"
            ],
            "authors": [
                {
                    "name": "Kartik Visweswaran",
                    "email": "kartikv2@gmail.com",
                    "homepage": "http://www.krajee.com/"
                }
            ],
            "description": "Yii 2 GridView on steroids. Various enhancements and utilities for the Yii 2.0 GridView widget.",
            "homepage": "https://github.com/kartik-v/yii2-grid",
            "keywords": [
                "extension",
                "grid",
                "widget",
                "yii2"
            ],
            "time": "2016-01-28 16:50:34"
        },
        {
            "name": "kartik-v/yii2-krajee-base",
            "version": "1.8.2",
            "source": {
                "type": "git",
                "url": "https://github.com/kartik-v/yii2-krajee-base.git",
                "reference": "0c274e31e4392cbafc5fe158eae81738794e02ce"
            },
            "dist": {
                "type": "zip",
                "url": "https://api.github.com/repos/kartik-v/yii2-krajee-base/zipball/0c274e31e4392cbafc5fe158eae81738794e02ce",
                "reference": "0c274e31e4392cbafc5fe158eae81738794e02ce",
                "shasum": ""
            },
            "require": {
                "yiisoft/yii2-bootstrap": "@dev"
            },
            "type": "yii2-extension",
            "autoload": {
                "psr-4": {
                    "kartik\\base\\": ""
                }
            },
            "notification-url": "https://packagist.org/downloads/",
            "license": [
                "BSD-3-Clause"
            ],
            "authors": [
                {
                    "name": "Kartik Visweswaran",
                    "email": "kartikv2@gmail.com",
                    "homepage": "http://www.krajee.com/"
                }
            ],
            "description": "Base library and foundation components for all Yii2 Krajee extensions.",
            "homepage": "https://github.com/kartik-v/yii2-krajee-base",
            "keywords": [
                "base",
                "extension",
                "foundation",
                "krajee",
                "widget",
                "yii2"
            ],
            "time": "2016-01-10 12:26:29"
        },
        {
            "name": "kartik-v/yii2-popover-x",
            "version": "v1.3.3",
            "source": {
                "type": "git",
                "url": "https://github.com/kartik-v/yii2-popover-x.git",
                "reference": "38f2208cf92f8c4a7758f485575a881cade1970c"
            },
            "dist": {
                "type": "zip",
                "url": "https://api.github.com/repos/kartik-v/yii2-popover-x/zipball/38f2208cf92f8c4a7758f485575a881cade1970c",
                "reference": "38f2208cf92f8c4a7758f485575a881cade1970c",
                "shasum": ""
            },
            "require": {
                "kartik-v/bootstrap-popover-x": "~1.4",
                "kartik-v/yii2-krajee-base": "~1.7"
            },
            "type": "yii2-extension",
            "autoload": {
                "psr-4": {
                    "kartik\\popover\\": ""
                }
            },
            "notification-url": "https://packagist.org/downloads/",
            "license": [
                "BSD-3-Clause"
            ],
            "authors": [
                {
                    "name": "Kartik Visweswaran",
                    "email": "kartikv2@gmail.com",
                    "homepage": "http://www.krajee.com/"
                }
            ],
            "description": "An extended bootstrap 3.0 popover widget which combines both the bootstrap popover and modal features and includes various new styling enhancements.",
            "homepage": "https://github.com/kartik-v/yii2-popover-x",
            "keywords": [
                "bootstrap",
                "extended",
                "jquery",
                "modal",
                "modal-popover",
                "popover",
                "popover-x"
            ],
            "time": "2016-01-12 16:59:09"
        },
        {
            "name": "navatech/yii2-localeurls",
            "version": "dev-master",
            "source": {
                "type": "git",
                "url": "https://github.com/navatech/yii2-localeurls.git",
                "reference": "ebb9671af36defbffee8680de444ca7805c22c74"
            },
            "dist": {
                "type": "zip",
                "url": "https://api.github.com/repos/navatech/yii2-localeurls/zipball/ebb9671af36defbffee8680de444ca7805c22c74",
                "reference": "ebb9671af36defbffee8680de444ca7805c22c74",
                "shasum": ""
            },
            "require": {
                "yiisoft/yii2": "*"
            },
            "suggest": {
                "navatech/yii2-multi-language": "~1.0"
            },
            "type": "yii2-extension",
            "autoload": {
                "psr-4": {
                    "navatech\\localeurls\\": ""
                }
            },
            "notification-url": "https://packagist.org/downloads/",
            "license": [
                "MIT"
            ],
            "authors": [
                {
                    "name": "Le Phuong",
                    "email": "phuong17889@gmail.com"
                }
            ],
            "description": "Automatic locale/language management for URLs.",
            "keywords": [
                "i18n",
                "locale",
                "url",
                "yii2"
            ],
            "time": "2016-02-14 11:24:27"
        },
        {
            "name": "yiisoft/yii2",
            "version": "dev-master",
            "source": {
                "type": "git",
                "url": "https://github.com/yiisoft/yii2-framework.git",
                "reference": "91891865054fa60982c85cb3926414fd84c60f50"
            },
            "dist": {
                "type": "zip",
                "url": "https://api.github.com/repos/yiisoft/yii2-framework/zipball/91891865054fa60982c85cb3926414fd84c60f50",
                "reference": "91891865054fa60982c85cb3926414fd84c60f50",
                "shasum": ""
            },
            "require": {
                "bower-asset/jquery": "2.2.*@stable | 2.1.*@stable | 1.11.*@stable",
                "bower-asset/jquery.inputmask": "~3.2.2",
                "bower-asset/punycode": "1.3.*",
                "bower-asset/yii2-pjax": "~2.0.1",
                "cebe/markdown": "~1.0.0 | ~1.1.0",
                "ext-ctype": "*",
                "ext-mbstring": "*",
                "ezyang/htmlpurifier": "4.6.*",
                "lib-pcre": "*",
                "php": ">=5.4.0",
                "yiisoft/yii2-composer": "~2.0.4"
            },
            "bin": [
                "yii"
            ],
            "type": "library",
            "extra": {
                "branch-alias": {
                    "dev-master": "2.0.x-dev"
                }
            },
            "autoload": {
                "psr-4": {
                    "yii\\": ""
                }
            },
            "notification-url": "https://packagist.org/downloads/",
            "license": [
                "BSD-3-Clause"
            ],
            "authors": [
                {
                    "name": "Qiang Xue",
                    "email": "qiang.xue@gmail.com",
                    "homepage": "http://www.yiiframework.com/",
                    "role": "Founder and project lead"
                },
                {
                    "name": "Alexander Makarov",
                    "email": "sam@rmcreative.ru",
                    "homepage": "http://rmcreative.ru/",
                    "role": "Core framework development"
                },
                {
                    "name": "Maurizio Domba",
                    "homepage": "http://mdomba.info/",
                    "role": "Core framework development"
                },
                {
                    "name": "Carsten Brandt",
                    "email": "mail@cebe.cc",
                    "homepage": "http://cebe.cc/",
                    "role": "Core framework development"
                },
                {
                    "name": "Timur Ruziev",
                    "email": "resurtm@gmail.com",
                    "homepage": "http://resurtm.com/",
                    "role": "Core framework development"
                },
                {
                    "name": "Paul Klimov",
                    "email": "klimov.paul@gmail.com",
                    "role": "Core framework development"
                },
                {
                    "name": "Dmitry Naumenko",
                    "email": "d.naumenko.a@gmail.com",
                    "role": "Core framework development"
                }
            ],
            "description": "Yii PHP Framework Version 2",
            "homepage": "http://www.yiiframework.com/",
            "keywords": [
                "framework",
                "yii2"
            ],
            "time": "2016-02-14 14:51:30"
        },
        {
            "name": "yiisoft/yii2-bootstrap",
            "version": "dev-master",
            "source": {
                "type": "git",
                "url": "https://github.com/yiisoft/yii2-bootstrap.git",
                "reference": "ef941bc83ea63326e44769b922476dc1035ea551"
            },
            "dist": {
                "type": "zip",
                "url": "https://api.github.com/repos/yiisoft/yii2-bootstrap/zipball/ef941bc83ea63326e44769b922476dc1035ea551",
                "reference": "ef941bc83ea63326e44769b922476dc1035ea551",
                "shasum": ""
            },
            "require": {
                "bower-asset/bootstrap": "3.3.* | 3.2.* | 3.1.*",
                "yiisoft/yii2": ">=2.0.6"
            },
            "type": "yii2-extension",
            "extra": {
                "branch-alias": {
                    "dev-master": "2.0.x-dev"
                },
                "asset-installer-paths": {
                    "npm-asset-library": "vendor/npm",
                    "bower-asset-library": "vendor/bower"
                }
            },
            "autoload": {
                "psr-4": {
                    "yii\\bootstrap\\": ""
                }
            },
            "notification-url": "https://packagist.org/downloads/",
            "license": [
                "BSD-3-Clause"
            ],
            "authors": [
                {
                    "name": "Qiang Xue",
                    "email": "qiang.xue@gmail.com"
                }
            ],
            "description": "The Twitter Bootstrap extension for the Yii framework",
            "keywords": [
                "bootstrap",
                "yii2"
            ],
            "time": "2016-01-24 17:03:09"
        },
        {
            "name": "yiisoft/yii2-composer",
            "version": "dev-master",
            "source": {
                "type": "git",
                "url": "https://github.com/yiisoft/yii2-composer.git",
                "reference": "d33d1046a5951f2f7823fe343f28ddc58b3421a4"
            },
            "dist": {
                "type": "zip",
                "url": "https://api.github.com/repos/yiisoft/yii2-composer/zipball/d33d1046a5951f2f7823fe343f28ddc58b3421a4",
                "reference": "d33d1046a5951f2f7823fe343f28ddc58b3421a4",
                "shasum": ""
            },
            "require": {
                "composer-plugin-api": "^1.0"
            },
            "type": "composer-plugin",
            "extra": {
                "class": "yii\\composer\\Plugin",
                "branch-alias": {
                    "dev-master": "2.0.x-dev"
                }
            },
            "autoload": {
                "psr-4": {
                    "yii\\composer\\": ""
                }
            },
            "notification-url": "https://packagist.org/downloads/",
            "license": [
                "BSD-3-Clause"
            ],
            "authors": [
                {
                    "name": "Qiang Xue",
                    "email": "qiang.xue@gmail.com"
                }
            ],
            "description": "The composer plugin for Yii extension installer",
            "keywords": [
                "composer",
                "extension installer",
                "yii2"
            ],
            "time": "2016-02-06 01:03:32"
        }
    ],
    "packages-dev": [
        {
            "name": "phpunit/php-code-coverage",
            "version": "1.2.x-dev",
            "source": {
                "type": "git",
                "url": "https://github.com/sebastianbergmann/php-code-coverage.git",
                "reference": "fe2466802556d3fe4e4d1d58ffd3ccfd0a19be0b"
            },
            "dist": {
                "type": "zip",
                "url": "https://api.github.com/repos/sebastianbergmann/php-code-coverage/zipball/fe2466802556d3fe4e4d1d58ffd3ccfd0a19be0b",
                "reference": "fe2466802556d3fe4e4d1d58ffd3ccfd0a19be0b",
                "shasum": ""
            },
            "require": {
                "php": ">=5.3.3",
                "phpunit/php-file-iterator": ">=1.3.0@stable",
                "phpunit/php-text-template": ">=1.2.0@stable",
                "phpunit/php-token-stream": ">=1.1.3,<1.3.0"
            },
            "require-dev": {
                "phpunit/phpunit": "3.7.*@dev"
            },
            "suggest": {
                "ext-dom": "*",
                "ext-xdebug": ">=2.0.5"
            },
            "type": "library",
            "extra": {
                "branch-alias": {
                    "dev-master": "1.2.x-dev"
                }
            },
            "autoload": {
                "classmap": [
                    "PHP/"
                ]
            },
            "notification-url": "https://packagist.org/downloads/",
            "include-path": [
                ""
            ],
            "license": [
                "BSD-3-Clause"
            ],
            "authors": [
                {
                    "name": "Sebastian Bergmann",
                    "email": "sb@sebastian-bergmann.de",
                    "role": "lead"
                }
            ],
            "description": "Library that provides collection, processing, and rendering functionality for PHP code coverage information.",
            "homepage": "https://github.com/sebastianbergmann/php-code-coverage",
            "keywords": [
                "coverage",
                "testing",
                "xunit"
            ],
            "time": "2014-09-02 10:13:14"
        },
        {
            "name": "phpunit/php-file-iterator",
            "version": "dev-master",
            "source": {
                "type": "git",
                "url": "https://github.com/sebastianbergmann/php-file-iterator.git",
                "reference": "6150bf2c35d3fc379e50c7602b75caceaa39dbf0"
            },
            "dist": {
                "type": "zip",
                "url": "https://api.github.com/repos/sebastianbergmann/php-file-iterator/zipball/6150bf2c35d3fc379e50c7602b75caceaa39dbf0",
                "reference": "6150bf2c35d3fc379e50c7602b75caceaa39dbf0",
                "shasum": ""
            },
            "require": {
                "php": ">=5.3.3"
            },
            "type": "library",
            "extra": {
                "branch-alias": {
                    "dev-master": "1.4.x-dev"
                }
            },
            "autoload": {
                "classmap": [
                    "src/"
                ]
            },
            "notification-url": "https://packagist.org/downloads/",
            "license": [
                "BSD-3-Clause"
            ],
            "authors": [
                {
                    "name": "Sebastian Bergmann",
                    "email": "sb@sebastian-bergmann.de",
                    "role": "lead"
                }
            ],
            "description": "FilterIterator implementation that filters files based on a list of suffixes.",
            "homepage": "https://github.com/sebastianbergmann/php-file-iterator/",
            "keywords": [
                "filesystem",
                "iterator"
            ],
            "time": "2015-06-21 13:08:43"
        },
        {
            "name": "phpunit/php-text-template",
            "version": "1.2.1",
            "source": {
                "type": "git",
                "url": "https://github.com/sebastianbergmann/php-text-template.git",
                "reference": "31f8b717e51d9a2afca6c9f046f5d69fc27c8686"
            },
            "dist": {
                "type": "zip",
                "url": "https://api.github.com/repos/sebastianbergmann/php-text-template/zipball/31f8b717e51d9a2afca6c9f046f5d69fc27c8686",
                "reference": "31f8b717e51d9a2afca6c9f046f5d69fc27c8686",
                "shasum": ""
            },
            "require": {
                "php": ">=5.3.3"
            },
            "type": "library",
            "autoload": {
                "classmap": [
                    "src/"
                ]
            },
            "notification-url": "https://packagist.org/downloads/",
            "license": [
                "BSD-3-Clause"
            ],
            "authors": [
                {
                    "name": "Sebastian Bergmann",
                    "email": "sebastian@phpunit.de",
                    "role": "lead"
                }
            ],
            "description": "Simple template engine.",
            "homepage": "https://github.com/sebastianbergmann/php-text-template/",
            "keywords": [
                "template"
            ],
            "time": "2015-06-21 13:50:34"
        },
        {
            "name": "phpunit/php-timer",
            "version": "1.0.7",
            "source": {
                "type": "git",
                "url": "https://github.com/sebastianbergmann/php-timer.git",
                "reference": "3e82f4e9fc92665fafd9157568e4dcb01d014e5b"
            },
            "dist": {
                "type": "zip",
                "url": "https://api.github.com/repos/sebastianbergmann/php-timer/zipball/3e82f4e9fc92665fafd9157568e4dcb01d014e5b",
                "reference": "3e82f4e9fc92665fafd9157568e4dcb01d014e5b",
                "shasum": ""
            },
            "require": {
                "php": ">=5.3.3"
            },
            "type": "library",
            "autoload": {
                "classmap": [
                    "src/"
                ]
            },
            "notification-url": "https://packagist.org/downloads/",
            "license": [
                "BSD-3-Clause"
            ],
            "authors": [
                {
                    "name": "Sebastian Bergmann",
                    "email": "sb@sebastian-bergmann.de",
                    "role": "lead"
                }
            ],
            "description": "Utility class for timing",
            "homepage": "https://github.com/sebastianbergmann/php-timer/",
            "keywords": [
                "timer"
            ],
            "time": "2015-06-21 08:01:12"
        },
        {
            "name": "phpunit/php-token-stream",
            "version": "1.2.2",
            "source": {
                "type": "git",
                "url": "https://github.com/sebastianbergmann/php-token-stream.git",
                "reference": "ad4e1e23ae01b483c16f600ff1bebec184588e32"
            },
            "dist": {
                "type": "zip",
                "url": "https://api.github.com/repos/sebastianbergmann/php-token-stream/zipball/ad4e1e23ae01b483c16f600ff1bebec184588e32",
                "reference": "ad4e1e23ae01b483c16f600ff1bebec184588e32",
                "shasum": ""
            },
            "require": {
                "ext-tokenizer": "*",
                "php": ">=5.3.3"
            },
            "type": "library",
            "extra": {
                "branch-alias": {
                    "dev-master": "1.2-dev"
                }
            },
            "autoload": {
                "classmap": [
                    "PHP/"
                ]
            },
            "notification-url": "https://packagist.org/downloads/",
            "include-path": [
                ""
            ],
            "license": [
                "BSD-3-Clause"
            ],
            "authors": [
                {
                    "name": "Sebastian Bergmann",
                    "email": "sb@sebastian-bergmann.de",
                    "role": "lead"
                }
            ],
            "description": "Wrapper around PHP's tokenizer extension.",
            "homepage": "https://github.com/sebastianbergmann/php-token-stream/",
            "keywords": [
                "tokenizer"
            ],
            "time": "2014-03-03 05:10:30"
        },
        {
            "name": "phpunit/phpunit",
            "version": "3.7.x-dev",
            "source": {
                "type": "git",
                "url": "https://github.com/sebastianbergmann/phpunit.git",
                "reference": "38709dc22d519a3d1be46849868aa2ddf822bcf6"
            },
            "dist": {
                "type": "zip",
                "url": "https://api.github.com/repos/sebastianbergmann/phpunit/zipball/38709dc22d519a3d1be46849868aa2ddf822bcf6",
                "reference": "38709dc22d519a3d1be46849868aa2ddf822bcf6",
                "shasum": ""
            },
            "require": {
                "ext-ctype": "*",
                "ext-dom": "*",
                "ext-json": "*",
                "ext-pcre": "*",
                "ext-reflection": "*",
                "ext-spl": "*",
                "php": ">=5.3.3",
                "phpunit/php-code-coverage": "~1.2",
                "phpunit/php-file-iterator": "~1.3",
                "phpunit/php-text-template": "~1.1",
                "phpunit/php-timer": "~1.0",
                "phpunit/phpunit-mock-objects": "~1.2",
                "symfony/yaml": "~2.0"
            },
            "require-dev": {
                "pear-pear.php.net/pear": "1.9.4"
            },
            "suggest": {
                "phpunit/php-invoker": "~1.1"
            },
            "bin": [
                "composer/bin/phpunit"
            ],
            "type": "library",
            "extra": {
                "branch-alias": {
                    "dev-master": "3.7.x-dev"
                }
            },
            "autoload": {
                "classmap": [
                    "PHPUnit/"
                ]
            },
            "notification-url": "https://packagist.org/downloads/",
            "include-path": [
                "",
                "../../symfony/yaml/"
            ],
            "license": [
                "BSD-3-Clause"
            ],
            "authors": [
                {
                    "name": "Sebastian Bergmann",
                    "email": "sebastian@phpunit.de",
                    "role": "lead"
                }
            ],
            "description": "The PHP Unit Testing framework.",
            "homepage": "http://www.phpunit.de/",
            "keywords": [
                "phpunit",
                "testing",
                "xunit"
            ],
            "time": "2014-10-17 09:04:17"
        },
        {
            "name": "phpunit/phpunit-mock-objects",
            "version": "1.2.x-dev",
            "source": {
                "type": "git",
                "url": "https://github.com/sebastianbergmann/phpunit-mock-objects.git",
                "reference": "c39c4511c3b007539eb170c32cbc2af49a07351a"
            },
            "dist": {
                "type": "zip",
                "url": "https://api.github.com/repos/sebastianbergmann/phpunit-mock-objects/zipball/c39c4511c3b007539eb170c32cbc2af49a07351a",
                "reference": "c39c4511c3b007539eb170c32cbc2af49a07351a",
                "shasum": ""
            },
            "require": {
                "php": ">=5.3.3",
                "phpunit/php-text-template": ">=1.1.1@stable"
            },
            "require-dev": {
                "phpunit/phpunit": "3.7.*@dev"
            },
            "suggest": {
                "ext-soap": "*"
            },
            "type": "library",
            "extra": {
                "branch-alias": {
                    "dev-master": "1.2.x-dev"
                }
            },
            "autoload": {
                "classmap": [
                    "PHPUnit/"
                ]
            },
            "notification-url": "https://packagist.org/downloads/",
            "include-path": [
                ""
            ],
            "license": [
                "BSD-3-Clause"
            ],
            "authors": [
                {
                    "name": "Sebastian Bergmann",
                    "email": "sb@sebastian-bergmann.de",
                    "role": "lead"
                }
            ],
            "description": "Mock Object library for PHPUnit",
            "homepage": "https://github.com/sebastianbergmann/phpunit-mock-objects/",
            "keywords": [
                "mock",
                "xunit"
            ],
            "time": "2014-02-16 12:43:56"
        },
        {
            "name": "symfony/yaml",
            "version": "2.8.x-dev",
            "source": {
                "type": "git",
                "url": "https://github.com/symfony/yaml.git",
                "reference": "871f18db4b0c115e19dfaf339df18c4d76e43602"
            },
            "dist": {
                "type": "zip",
                "url": "https://api.github.com/repos/symfony/yaml/zipball/871f18db4b0c115e19dfaf339df18c4d76e43602",
                "reference": "871f18db4b0c115e19dfaf339df18c4d76e43602",
                "shasum": ""
            },
            "require": {
                "php": ">=5.3.9"
            },
            "type": "library",
            "extra": {
                "branch-alias": {
                    "dev-master": "2.8-dev"
                }
            },
            "autoload": {
                "psr-4": {
                    "Symfony\\Component\\Yaml\\": ""
                },
                "exclude-from-classmap": [
                    "/Tests/"
                ]
            },
            "notification-url": "https://packagist.org/downloads/",
            "license": [
                "MIT"
            ],
            "authors": [
                {
                    "name": "Fabien Potencier",
                    "email": "fabien@symfony.com"
                },
                {
                    "name": "Symfony Community",
                    "homepage": "https://symfony.com/contributors"
                }
            ],
            "description": "Symfony Yaml Component",
            "homepage": "https://symfony.com",
            "time": "2016-02-14 09:03:05"
        }
    ],
    "aliases": [],
    "minimum-stability": "dev",
    "stability-flags": {
        "kartik-v/yii2-grid": 20,
        "kartik-v/yii2-editable": 20,
        "navatech/yii2-localeurls": 20
    },
    "prefer-stable": false,
    "prefer-lowest": false,
    "platform": [],
    "platform-dev": []
}
